lockfileVersion: '6.0'

dependencies:
  '@tauri-apps/api':
    specifier: ^1.3.0
    version: 1.3.0
  pixi.js:
    specifier: ^7.2.4
    version: 7.2.4(@pixi/utils@7.2.4)

devDependencies:
  '@tauri-apps/cli':
    specifier: ^1.3.1
    version: 1.3.1
  typescript:
    specifier: ^4.8.2
    version: 4.9.5
  vite:
    specifier: ^4.2.1
    version: 4.3.9

packages:

  /@esbuild/android-arm64@0.17.19:
    resolution: {integrity: sha512-KBMWvEZooR7+kzY0BtbTQn0OAYY7CsiydT63pVEaPtVYF0hXbUaOyZog37DKxK7NF3XacBJOpYT4adIJh+avxA==}
    engines: {node: '>=12'}
    cpu: [arm64]
    os: [android]
    requiresBuild: true
    dev: true
    optional: true

  /@esbuild/android-arm@0.17.19:
    resolution: {integrity: sha512-rIKddzqhmav7MSmoFCmDIb6e2W57geRsM94gV2l38fzhXMwq7hZoClug9USI2pFRGL06f4IOPHHpFNOkWieR8A==}
    engines: {node: '>=12'}
    cpu: [arm]
    os: [android]
    requiresBuild: true
    dev: true
    optional: true

  /@esbuild/android-x64@0.17.19:
    resolution: {integrity: sha512-uUTTc4xGNDT7YSArp/zbtmbhO0uEEK9/ETW29Wk1thYUJBz3IVnvgEiEwEa9IeLyvnpKrWK64Utw2bgUmDveww==}
    engines: {node: '>=12'}
    cpu: [x64]
    os: [android]
    requiresBuild: true
    dev: true
    optional: true

  /@esbuild/darwin-arm64@0.17.19:
    resolution: {integrity: sha512-80wEoCfF/hFKM6WE1FyBHc9SfUblloAWx6FJkFWTWiCoht9Mc0ARGEM47e67W9rI09YoUxJL68WHfDRYEAvOhg==}
    engines: {node: '>=12'}
    cpu: [arm64]
    os: [darwin]
    requiresBuild: true
    dev: true
    optional: true

  /@esbuild/darwin-x64@0.17.19:
    resolution: {integrity: sha512-IJM4JJsLhRYr9xdtLytPLSH9k/oxR3boaUIYiHkAawtwNOXKE8KoU8tMvryogdcT8AU+Bflmh81Xn6Q0vTZbQw==}
    engines: {node: '>=12'}
    cpu: [x64]
    os: [darwin]
    requiresBuild: true
    dev: true
    optional: true

  /@esbuild/freebsd-arm64@0.17.19:
    resolution: {integrity: sha512-pBwbc7DufluUeGdjSU5Si+P3SoMF5DQ/F/UmTSb8HXO80ZEAJmrykPyzo1IfNbAoaqw48YRpv8shwd1NoI0jcQ==}
    engines: {node: '>=12'}
    cpu: [arm64]
    os: [freebsd]
    requiresBuild: true
    dev: true
    optional: true

  /@esbuild/freebsd-x64@0.17.19:
    resolution: {integrity: sha512-4lu+n8Wk0XlajEhbEffdy2xy53dpR06SlzvhGByyg36qJw6Kpfk7cp45DR/62aPH9mtJRmIyrXAS5UWBrJT6TQ==}
    engines: {node: '>=12'}
    cpu: [x64]
    os: [freebsd]
    requiresBuild: true
    dev: true
    optional: true

  /@esbuild/linux-arm64@0.17.19:
    resolution: {integrity: sha512-ct1Tg3WGwd3P+oZYqic+YZF4snNl2bsnMKRkb3ozHmnM0dGWuxcPTTntAF6bOP0Sp4x0PjSF+4uHQ1xvxfRKqg==}
    engines: {node: '>=12'}
    cpu: [arm64]
    os: [linux]
    requiresBuild: true
    dev: true
    optional: true

  /@esbuild/linux-arm@0.17.19:
    resolution: {integrity: sha512-cdmT3KxjlOQ/gZ2cjfrQOtmhG4HJs6hhvm3mWSRDPtZ/lP5oe8FWceS10JaSJC13GBd4eH/haHnqf7hhGNLerA==}
    engines: {node: '>=12'}
    cpu: [arm]
    os: [linux]
    requiresBuild: true
    dev: true
    optional: true

  /@esbuild/linux-ia32@0.17.19:
    resolution: {integrity: sha512-w4IRhSy1VbsNxHRQpeGCHEmibqdTUx61Vc38APcsRbuVgK0OPEnQ0YD39Brymn96mOx48Y2laBQGqgZ0j9w6SQ==}
    engines: {node: '>=12'}
    cpu: [ia32]
    os: [linux]
    requiresBuild: true
    dev: true
    optional: true

  /@esbuild/linux-loong64@0.17.19:
    resolution: {integrity: sha512-2iAngUbBPMq439a+z//gE+9WBldoMp1s5GWsUSgqHLzLJ9WoZLZhpwWuym0u0u/4XmZ3gpHmzV84PonE+9IIdQ==}
    engines: {node: '>=12'}
    cpu: [loong64]
    os: [linux]
    requiresBuild: true
    dev: true
    optional: true

  /@esbuild/linux-mips64el@0.17.19:
    resolution: {integrity: sha512-LKJltc4LVdMKHsrFe4MGNPp0hqDFA1Wpt3jE1gEyM3nKUvOiO//9PheZZHfYRfYl6AwdTH4aTcXSqBerX0ml4A==}
    engines: {node: '>=12'}
    cpu: [mips64el]
    os: [linux]
    requiresBuild: true
    dev: true
    optional: true

  /@esbuild/linux-ppc64@0.17.19:
    resolution: {integrity: sha512-/c/DGybs95WXNS8y3Ti/ytqETiW7EU44MEKuCAcpPto3YjQbyK3IQVKfF6nbghD7EcLUGl0NbiL5Rt5DMhn5tg==}
    engines: {node: '>=12'}
    cpu: [ppc64]
    os: [linux]
    requiresBuild: true
    dev: true
    optional: true

  /@esbuild/linux-riscv64@0.17.19:
    resolution: {integrity: sha512-FC3nUAWhvFoutlhAkgHf8f5HwFWUL6bYdvLc/TTuxKlvLi3+pPzdZiFKSWz/PF30TB1K19SuCxDTI5KcqASJqA==}
    engines: {node: '>=12'}
    cpu: [riscv64]
    os: [linux]
    requiresBuild: true
    dev: true
    optional: true

  /@esbuild/linux-s390x@0.17.19:
    resolution: {integrity: sha512-IbFsFbxMWLuKEbH+7sTkKzL6NJmG2vRyy6K7JJo55w+8xDk7RElYn6xvXtDW8HCfoKBFK69f3pgBJSUSQPr+4Q==}
    engines: {node: '>=12'}
    cpu: [s390x]
    os: [linux]
    requiresBuild: true
    dev: true
    optional: true

  /@esbuild/linux-x64@0.17.19:
    resolution: {integrity: sha512-68ngA9lg2H6zkZcyp22tsVt38mlhWde8l3eJLWkyLrp4HwMUr3c1s/M2t7+kHIhvMjglIBrFpncX1SzMckomGw==}
    engines: {node: '>=12'}
    cpu: [x64]
    os: [linux]
    requiresBuild: true
    dev: true
    optional: true

  /@esbuild/netbsd-x64@0.17.19:
    resolution: {integrity: sha512-CwFq42rXCR8TYIjIfpXCbRX0rp1jo6cPIUPSaWwzbVI4aOfX96OXY8M6KNmtPcg7QjYeDmN+DD0Wp3LaBOLf4Q==}
    engines: {node: '>=12'}
    cpu: [x64]
    os: [netbsd]
    requiresBuild: true
    dev: true
    optional: true

  /@esbuild/openbsd-x64@0.17.19:
    resolution: {integrity: sha512-cnq5brJYrSZ2CF6c35eCmviIN3k3RczmHz8eYaVlNasVqsNY+JKohZU5MKmaOI+KkllCdzOKKdPs762VCPC20g==}
    engines: {node: '>=12'}
    cpu: [x64]
    os: [openbsd]
    requiresBuild: true
    dev: true
    optional: true

  /@esbuild/sunos-x64@0.17.19:
    resolution: {integrity: sha512-vCRT7yP3zX+bKWFeP/zdS6SqdWB8OIpaRq/mbXQxTGHnIxspRtigpkUcDMlSCOejlHowLqII7K2JKevwyRP2rg==}
    engines: {node: '>=12'}
    cpu: [x64]
    os: [sunos]
    requiresBuild: true
    dev: true
    optional: true

  /@esbuild/win32-arm64@0.17.19:
    resolution: {integrity: sha512-yYx+8jwowUstVdorcMdNlzklLYhPxjniHWFKgRqH7IFlUEa0Umu3KuYplf1HUZZ422e3NU9F4LGb+4O0Kdcaag==}
    engines: {node: '>=12'}
    cpu: [arm64]
    os: [win32]
    requiresBuild: true
    dev: true
    optional: true

  /@esbuild/win32-ia32@0.17.19:
    resolution: {integrity: sha512-eggDKanJszUtCdlVs0RB+h35wNlb5v4TWEkq4vZcmVt5u/HiDZrTXe2bWFQUez3RgNHwx/x4sk5++4NSSicKkw==}
    engines: {node: '>=12'}
    cpu: [ia32]
    os: [win32]
    requiresBuild: true
    dev: true
    optional: true

  /@esbuild/win32-x64@0.17.19:
    resolution: {integrity: sha512-lAhycmKnVOuRYNtRtatQR1LPQf2oYCkRGkSFnseDAKPl8lu5SOsK/e1sXe5a0Pc5kHIHe6P2I/ilntNv2xf3cA==}
    engines: {node: '>=12'}
    cpu: [x64]
    os: [win32]
    requiresBuild: true
    dev: true
    optional: true

  /@pixi/accessibility@7.2.4(@pixi/core@7.2.4)(@pixi/display@7.2.4)(@pixi/events@7.2.4):
    resolution: {integrity: sha512-EVjuqUqv9FeYFXCv0S0qj1hgCtbAMNBPCbOGEtiMogpM++/IySxBZvcOYg3rRgo9inwt2s4Bi7kUiqMPD8hItw==}
    peerDependencies:
      '@pixi/core': 7.2.4
      '@pixi/display': 7.2.4
      '@pixi/events': 7.2.4
    dependencies:
      '@pixi/core': 7.2.4
      '@pixi/display': 7.2.4(@pixi/core@7.2.4)
      '@pixi/events': 7.2.4(@pixi/core@7.2.4)(@pixi/display@7.2.4)
    dev: false

  /@pixi/app@7.2.4(@pixi/core@7.2.4)(@pixi/display@7.2.4):
    resolution: {integrity: sha512-eJ2jpu5P28ip07nLItw6sETXn45P4KR/leMJ6zPHRlhT1m8t5zTsWr3jK4Uj8LF2E+6KlPNzLQh5Alf/unn/aQ==}
    peerDependencies:
      '@pixi/core': 7.2.4
      '@pixi/display': 7.2.4
    dependencies:
      '@pixi/core': 7.2.4
      '@pixi/display': 7.2.4(@pixi/core@7.2.4)
    dev: false

  /@pixi/assets@7.2.4(@pixi/core@7.2.4)(@pixi/utils@7.2.4):
    resolution: {integrity: sha512-7199re3wvMAlVqXLaCyAr8IkJSXqkeVAxcYyB2rBu4Id5m2hhlGX1dQsdMBiCXLwu6/LLVqDvJggSNVQBzL6ZQ==}
    peerDependencies:
      '@pixi/core': 7.2.4
      '@pixi/utils': 7.2.4
    dependencies:
      '@pixi/core': 7.2.4
      '@pixi/utils': 7.2.4
      '@types/css-font-loading-module': 0.0.7
    dev: false

  /@pixi/color@7.2.4:
    resolution: {integrity: sha512-B/+9JRcXe2uE8wQfsueFRPZVayF2VEMRB7XGeRAsWCryOX19nmWhv0Nt3nOU2rvzI0niz9XgugJXsB6vVmDFSg==}
    dependencies:
      colord: 2.9.3
    dev: false

  /@pixi/compressed-textures@7.2.4(@pixi/assets@7.2.4)(@pixi/core@7.2.4):
    resolution: {integrity: sha512-atnWyw/ot/Wg69qhgskKiuTYCZx15IxV35sa0KyXMthyjyvDLCIvOn0nczM6wCBy9H96SjJbfgynVWhVrip6qw==}
    peerDependencies:
      '@pixi/assets': 7.2.4
      '@pixi/core': 7.2.4
    dependencies:
      '@pixi/assets': 7.2.4(@pixi/core@7.2.4)(@pixi/utils@7.2.4)
      '@pixi/core': 7.2.4
    dev: false

  /@pixi/constants@7.2.4:
    resolution: {integrity: sha512-hKuHBWR6N4Q0Sf5MGF3/9l+POg/G5rqhueHfzofiuelnKg7aBs3BVjjZ+6hZbd6M++vOUmxYelEX/NEFBxrheA==}
    dev: false

  /@pixi/core@7.2.4:
    resolution: {integrity: sha512-0XtvrfxHlS2T+beBBSpo7GI8+QLyyTqMVQpNmPqB4woYxzrOEJ9JaUFBaBfCvycLeUkfVih1u6HAbtF+2d1EjQ==}
    dependencies:
      '@pixi/color': 7.2.4
      '@pixi/constants': 7.2.4
      '@pixi/extensions': 7.2.4
      '@pixi/math': 7.2.4
      '@pixi/runner': 7.2.4
      '@pixi/settings': 7.2.4
      '@pixi/ticker': 7.2.4
      '@pixi/utils': 7.2.4
      '@types/offscreencanvas': 2019.7.0
    dev: false

  /@pixi/display@7.2.4(@pixi/core@7.2.4):
    resolution: {integrity: sha512-w5tqb8cWEO5qIDaO9GEqRvxYhL0iMk0Wsngw23bbLm1gLEQmrFkB2tpJlRAqd7H82C3DrDDeWvkrrxW6+m4apg==}
    peerDependencies:
      '@pixi/core': 7.2.4
    dependencies:
      '@pixi/core': 7.2.4
    dev: false

  /@pixi/events@7.2.4(@pixi/core@7.2.4)(@pixi/display@7.2.4):
    resolution: {integrity: sha512-/JtmoB98fzIU8giN9xvlRvmvOi6u4MaD2DnKNOMHkQ1MBraj3pmrXM9fZ0JbNzi+324GraAAY76QidgHjIYoYQ==}
    peerDependencies:
      '@pixi/core': 7.2.4
      '@pixi/display': 7.2.4
    dependencies:
      '@pixi/core': 7.2.4
      '@pixi/display': 7.2.4(@pixi/core@7.2.4)
    dev: false

  /@pixi/extensions@7.2.4:
    resolution: {integrity: sha512-Mnqv9scbL1ARD3QFKfOWs2aSVJJfP1dL8g5UiqGImYO3rZbz/9QCzXOeMVIZ5n3iaRyKMNhFFr84/zUja2H7Dw==}
    dev: false

  /@pixi/extract@7.2.4(@pixi/core@7.2.4):
    resolution: {integrity: sha512-wlXZg+J2L/1jQhRi5nZQP/cXshovhjksjss91eAKMvY5aGxNAQovCP4xotJ/XJjfTvPMpeRzHPFYzm3PrOPQ7g==}
    peerDependencies:
      '@pixi/core': 7.2.4
    dependencies:
      '@pixi/core': 7.2.4
    dev: false

  /@pixi/filter-alpha@7.2.4(@pixi/core@7.2.4):
    resolution: {integrity: sha512-UTUMSGyktUr+I9vmigqJo9iUhb0nwGyqTTME2xBWZvVGCnl5z+/wHxvIBBCe5pNZ66IM15pGXQ4cDcfqCuP2kA==}
    peerDependencies:
      '@pixi/core': 7.2.4
    dependencies:
      '@pixi/core': 7.2.4
    dev: false

  /@pixi/filter-blur@7.2.4(@pixi/core@7.2.4):
    resolution: {integrity: sha512-aLyXIoxy14bTansCPtbY8x7Sdn2OrrqkF/pcKiRXHJGGhi7wPacvB/NcmYJdnI/n2ExQ6V5Njuj/nfrsejVwcA==}
    peerDependencies:
      '@pixi/core': 7.2.4
    dependencies:
      '@pixi/core': 7.2.4
    dev: false

  /@pixi/filter-color-matrix@7.2.4(@pixi/core@7.2.4):
    resolution: {integrity: sha512-DFtayybYXoUh73eHUFRK5REbi1t3FZuVUnaQTj+euHKF9L7EaYc3Q9wctpx1WPRcwkqEX50M4SNFhxpA7Pxtaw==}
    peerDependencies:
      '@pixi/core': 7.2.4
    dependencies:
      '@pixi/core': 7.2.4
    dev: false

  /@pixi/filter-displacement@7.2.4(@pixi/core@7.2.4):
    resolution: {integrity: sha512-Simq3IBJKt7+Gvk4kK7OFkfoeYUMhNhIyATCdeT+Jkdkq5WV7pYnH5hqO0YW7eAHrgjV13yn6t4H/GC4+6LhEA==}
    peerDependencies:
      '@pixi/core': 7.2.4
    dependencies:
      '@pixi/core': 7.2.4
    dev: false

  /@pixi/filter-fxaa@7.2.4(@pixi/core@7.2.4):
    resolution: {integrity: sha512-qzKjdL+Ih18uGTJLg8tT/H+YCsTeGkw2uF7lyKnw/lxGLJQhLWIhM95M9qSNgxbXyW1vp7SbG81a9aAEz2HAhA==}
    peerDependencies:
      '@pixi/core': 7.2.4
    dependencies:
      '@pixi/core': 7.2.4
    dev: false

  /@pixi/filter-noise@7.2.4(@pixi/core@7.2.4):
    resolution: {integrity: sha512-QAU9Ybj2ZQrWM9ZEjTTC0iLnQcuyNoZNRinxSbg1G0yacpmsSb9wvV5ltIZ66+hfY+90+u2Nudt/v9g6pvOdGg==}
    peerDependencies:
      '@pixi/core': 7.2.4
    dependencies:
      '@pixi/core': 7.2.4
    dev: false

  /@pixi/graphics@7.2.4(@pixi/core@7.2.4)(@pixi/display@7.2.4)(@pixi/sprite@7.2.4):
    resolution: {integrity: sha512-3A2EumTjWJgXlDLOyuBrl9b6v1Za/E+/IjOGUIX843HH4NYaf1a2sfDfljx6r3oiDvy+VhuBFmgynRcV5IyA0Q==}
    peerDependencies:
      '@pixi/core': 7.2.4
      '@pixi/display': 7.2.4
      '@pixi/sprite': 7.2.4
    dependencies:
      '@pixi/core': 7.2.4
      '@pixi/display': 7.2.4(@pixi/core@7.2.4)
      '@pixi/sprite': 7.2.4(@pixi/core@7.2.4)(@pixi/display@7.2.4)
    dev: false

  /@pixi/math@7.2.4:
    resolution: {integrity: sha512-LJB+mozyEPllxa0EssFZrKNfVwysfaBun4b2dJKQQInp0DafgbA0j7A+WVg0oe51KhFULTJMpDqbLn/ITFc41A==}
    dev: false

  /@pixi/mesh-extras@7.2.4(@pixi/core@7.2.4)(@pixi/mesh@7.2.4):
    resolution: {integrity: sha512-Lxqq/1E2EmDgjZX8KzjhBy3VvITIQ00arr2ikyHYF1d0XtQTKEYpr8VKzhchqZ5/9DuyTDbDMYGhcxoNXQmZrQ==}
    peerDependencies:
      '@pixi/core': 7.2.4
      '@pixi/mesh': 7.2.4
    dependencies:
      '@pixi/core': 7.2.4
      '@pixi/mesh': 7.2.4(@pixi/core@7.2.4)(@pixi/display@7.2.4)
    dev: false

  /@pixi/mesh@7.2.4(@pixi/core@7.2.4)(@pixi/display@7.2.4):
    resolution: {integrity: sha512-wiALIqcRKib2BqeH9kOA5fOKWN352nqAspgbDa8gA7OyWzmNwqIedIlElixd0oLFOrIN5jOZAdzeKnoYQlt9Aw==}
    peerDependencies:
      '@pixi/core': 7.2.4
      '@pixi/display': 7.2.4
    dependencies:
      '@pixi/core': 7.2.4
      '@pixi/display': 7.2.4(@pixi/core@7.2.4)
    dev: false

  /@pixi/mixin-cache-as-bitmap@7.2.4(@pixi/core@7.2.4)(@pixi/display@7.2.4)(@pixi/sprite@7.2.4):
    resolution: {integrity: sha512-95L/9nzfLHw6GoeqqRl/RjSloKvRt0xrc2inCmjMZvMsFUEtHN2F8IWd1k5vcv0S+83NCreFkJg6nJm1m5AZqg==}
    peerDependencies:
      '@pixi/core': 7.2.4
      '@pixi/display': 7.2.4
      '@pixi/sprite': 7.2.4
    dependencies:
      '@pixi/core': 7.2.4
      '@pixi/display': 7.2.4(@pixi/core@7.2.4)
      '@pixi/sprite': 7.2.4(@pixi/core@7.2.4)(@pixi/display@7.2.4)
    dev: false

  /@pixi/mixin-get-child-by-name@7.2.4(@pixi/display@7.2.4):
    resolution: {integrity: sha512-9g17KgSBEEhkinnKk4dqmxagzHOCPSTvGB6lOopBq4yyXmr/2WVv+QGjuzE0O+p80szQeBJjPBQxzrfBILaSRw==}
    peerDependencies:
      '@pixi/display': 7.2.4
    dependencies:
      '@pixi/display': 7.2.4(@pixi/core@7.2.4)
    dev: false

  /@pixi/mixin-get-global-position@7.2.4(@pixi/core@7.2.4)(@pixi/display@7.2.4):
    resolution: {integrity: sha512-UrAUF2BXCeWtFgR2m+er41Ky7zShT7r228cZkB6ZfYwMeThhwqG5mH68UeCyP6p68JMpT1gjI2DPfeSRY3ecnA==}
    peerDependencies:
      '@pixi/core': 7.2.4
      '@pixi/display': 7.2.4
    dependencies:
      '@pixi/core': 7.2.4
      '@pixi/display': 7.2.4(@pixi/core@7.2.4)
    dev: false

  /@pixi/particle-container@7.2.4(@pixi/core@7.2.4)(@pixi/display@7.2.4)(@pixi/sprite@7.2.4):
    resolution: {integrity: sha512-tpSzilZGFtAoi8XhzL0TecLPNRQAbY8nWV9XNGXJDw+nxXp18GCe8L6eEmnHLlAug67BRHl65DtrdvTknPX+4g==}
    peerDependencies:
      '@pixi/core': 7.2.4
      '@pixi/display': 7.2.4
      '@pixi/sprite': 7.2.4
    dependencies:
      '@pixi/core': 7.2.4
      '@pixi/display': 7.2.4(@pixi/core@7.2.4)
      '@pixi/sprite': 7.2.4(@pixi/core@7.2.4)(@pixi/display@7.2.4)
    dev: false

  /@pixi/prepare@7.2.4(@pixi/core@7.2.4)(@pixi/display@7.2.4)(@pixi/graphics@7.2.4)(@pixi/text@7.2.4):
    resolution: {integrity: sha512-Yff5Sh4kTLdKc5VkkM44LW9gpj7Izw8ns3P1TzWxqeGjzPZ3folr/tQujGL+Qw+8A9VESp+hX9MSIHyw+jpyrg==}
    peerDependencies:
      '@pixi/core': 7.2.4
      '@pixi/display': 7.2.4
      '@pixi/graphics': 7.2.4
      '@pixi/text': 7.2.4
    dependencies:
      '@pixi/core': 7.2.4
      '@pixi/display': 7.2.4(@pixi/core@7.2.4)
      '@pixi/graphics': 7.2.4(@pixi/core@7.2.4)(@pixi/display@7.2.4)(@pixi/sprite@7.2.4)
      '@pixi/text': 7.2.4(@pixi/core@7.2.4)(@pixi/sprite@7.2.4)
    dev: false

  /@pixi/runner@7.2.4:
    resolution: {integrity: sha512-YtyqPk1LA+0guEFKSFx6t/YSvbEQwajFwi4Ft8iDhioa6VK2MmTir1GjWwy7JQYLcDmYSAcQjnmFtVTZohyYSw==}
    dev: false

  /@pixi/settings@7.2.4:
    resolution: {integrity: sha512-ZPKRar9EwibijGmH8EViu4Greq1I/O7V/xQx2rNqN23XA7g09Qo6yfaeQpufu5xl8+/lZrjuHtQSnuY7OgG1CA==}
    dependencies:
      '@pixi/constants': 7.2.4
      '@types/css-font-loading-module': 0.0.7
      ismobilejs: 1.1.1
    dev: false

  /@pixi/sprite-animated@7.2.4(@pixi/core@7.2.4)(@pixi/sprite@7.2.4):
    resolution: {integrity: sha512-9eRriPSC0QVS7U9zQlrG3uEI5+h3fi+mqofXy+yjk1sGCmXSIJME5p2wg2mzxoJk3qkSMagQA9QHtL26Fti8Iw==}
    peerDependencies:
      '@pixi/core': 7.2.4
      '@pixi/sprite': 7.2.4
    dependencies:
      '@pixi/core': 7.2.4
      '@pixi/sprite': 7.2.4(@pixi/core@7.2.4)(@pixi/display@7.2.4)
    dev: false

  /@pixi/sprite-tiling@7.2.4(@pixi/core@7.2.4)(@pixi/display@7.2.4)(@pixi/sprite@7.2.4):
    resolution: {integrity: sha512-nGfxQoACRx49dUN0oW1vFm3141M+7gkAbzoNJym2Pljd2dpLME9fb5E6Lyahu0yWMaPRhhGorn6z9VIGmTF3Jw==}
    peerDependencies:
      '@pixi/core': 7.2.4
      '@pixi/display': 7.2.4
      '@pixi/sprite': 7.2.4
    dependencies:
      '@pixi/core': 7.2.4
      '@pixi/display': 7.2.4(@pixi/core@7.2.4)
      '@pixi/sprite': 7.2.4(@pixi/core@7.2.4)(@pixi/display@7.2.4)
    dev: false

  /@pixi/sprite@7.2.4(@pixi/core@7.2.4)(@pixi/display@7.2.4):
    resolution: {integrity: sha512-DhR1B+/d0eXpxHIesJMXcVPrKFwQ+zRA1LvEIFfzewqfaRN3X6PMIuoKX8SIb6tl+Hq8Ba9Pe28zI7d2rmRzrA==}
    peerDependencies:
      '@pixi/core': 7.2.4
      '@pixi/display': 7.2.4
    dependencies:
      '@pixi/core': 7.2.4
      '@pixi/display': 7.2.4(@pixi/core@7.2.4)
    dev: false

  /@pixi/spritesheet@7.2.4(@pixi/assets@7.2.4)(@pixi/core@7.2.4):
    resolution: {integrity: sha512-LNmlavyiMQeCF0U4S+yhzxUYmPmat6EpLjLnkGukQTZV5CZkxDCVgXM9uKoRF2DvNydj4yuwZ6+JjK8QssHI8Q==}
    peerDependencies:
      '@pixi/assets': 7.2.4
      '@pixi/core': 7.2.4
    dependencies:
      '@pixi/assets': 7.2.4(@pixi/core@7.2.4)(@pixi/utils@7.2.4)
      '@pixi/core': 7.2.4
    dev: false

  /@pixi/text-bitmap@7.2.4(@pixi/assets@7.2.4)(@pixi/core@7.2.4)(@pixi/display@7.2.4)(@pixi/mesh@7.2.4)(@pixi/text@7.2.4):
    resolution: {integrity: sha512-3u2CP4VN+muCaq/jtj7gn0hb3DET/X2S04zTBcgc2WVGufJc62yz+UDzS9jC+ellotVdt9c8U74++vpz3zJGfw==}
    peerDependencies:
      '@pixi/assets': 7.2.4
      '@pixi/core': 7.2.4
      '@pixi/display': 7.2.4
      '@pixi/mesh': 7.2.4
      '@pixi/text': 7.2.4
    dependencies:
      '@pixi/assets': 7.2.4(@pixi/core@7.2.4)(@pixi/utils@7.2.4)
      '@pixi/core': 7.2.4
      '@pixi/display': 7.2.4(@pixi/core@7.2.4)
      '@pixi/mesh': 7.2.4(@pixi/core@7.2.4)(@pixi/display@7.2.4)
      '@pixi/text': 7.2.4(@pixi/core@7.2.4)(@pixi/sprite@7.2.4)
    dev: false

  /@pixi/text-html@7.2.4(@pixi/core@7.2.4)(@pixi/display@7.2.4)(@pixi/sprite@7.2.4)(@pixi/text@7.2.4):
    resolution: {integrity: sha512-0NfLAE/w51ZtatxVqLvDS62iO0VLKsSdctqTAVv4Zlgdk9TKJmX1WUucHJboTvbm2SbDjNDGfZ6qXM5nAslIDQ==}
    peerDependencies:
      '@pixi/core': 7.2.4
      '@pixi/display': 7.2.4
      '@pixi/sprite': 7.2.4
      '@pixi/text': 7.2.4
    dependencies:
      '@pixi/core': 7.2.4
      '@pixi/display': 7.2.4(@pixi/core@7.2.4)
      '@pixi/sprite': 7.2.4(@pixi/core@7.2.4)(@pixi/display@7.2.4)
      '@pixi/text': 7.2.4(@pixi/core@7.2.4)(@pixi/sprite@7.2.4)
    dev: false

  /@pixi/text@7.2.4(@pixi/core@7.2.4)(@pixi/sprite@7.2.4):
    resolution: {integrity: sha512-DGu7ktpe+zHhqR2sG9NsJt4mgvSObv5EqXTtUxD4Z0li1gmqF7uktpLyn5I6vSg1TTEL4TECClRDClVDGiykWw==}
    peerDependencies:
      '@pixi/core': 7.2.4
      '@pixi/sprite': 7.2.4
    dependencies:
      '@pixi/core': 7.2.4
      '@pixi/sprite': 7.2.4(@pixi/core@7.2.4)(@pixi/display@7.2.4)
    dev: false

  /@pixi/ticker@7.2.4:
    resolution: {integrity: sha512-hQQHIHvGeFsP4GNezZqjzuhUgNQEVgCH9+qU05UX1Mc5UHC9l6OJnY4VTVhhcHxZjA6RnyaY+1zBxCnoXuazpg==}
    dependencies:
      '@pixi/extensions': 7.2.4
      '@pixi/settings': 7.2.4
      '@pixi/utils': 7.2.4
    dev: false

  /@pixi/utils@7.2.4:
    resolution: {integrity: sha512-VUGQHBOINIS4ePzoqafwxaGPVRTa3oM/mEutIIHbNGI3b+QvSO+1Dnk40M0zcH6Bo+MxQZbOZK5X/wO9oU5+LQ==}
    dependencies:
      '@pixi/color': 7.2.4
      '@pixi/constants': 7.2.4
      '@pixi/settings': 7.2.4
      '@types/earcut': 2.1.1
      earcut: 2.2.4
      eventemitter3: 4.0.7
      url: 0.11.0
    dev: false

  /@tauri-apps/api@1.3.0:
    resolution: {integrity: sha512-AH+3FonkKZNtfRtGrObY38PrzEj4d+1emCbwNGu0V2ENbXjlLHMZQlUh+Bhu/CRmjaIwZMGJ3yFvWaZZgTHoog==}
    engines: {node: '>= 14.6.0', npm: '>= 6.6.0', yarn: '>= 1.19.1'}
    dev: false

  /@tauri-apps/cli-darwin-arm64@1.3.1:
    resolution: {integrity: sha512-QlepYVPgOgspcwA/u4kGG4ZUijlXfdRtno00zEy+LxinN/IRXtk+6ErVtsmoLi1ZC9WbuMwzAcsRvqsD+RtNAg==}
    engines: {node: '>= 10'}
    cpu: [arm64]
    os: [darwin]
    requiresBuild: true
    dev: true
    optional: true

  /@tauri-apps/cli-darwin-x64@1.3.1:
    resolution: {integrity: sha512-fKcAUPVFO3jfDKXCSDGY0MhZFF/wDtx3rgFnogWYu4knk38o9RaqRkvMvqJhLYPuWaEM5h6/z1dRrr9KKCbrVg==}
    engines: {node: '>= 10'}
    cpu: [x64]
    os: [darwin]
    requiresBuild: true
    dev: true
    optional: true

  /@tauri-apps/cli-linux-arm-gnueabihf@1.3.1:
    resolution: {integrity: sha512-+4H0dv8ltJHYu/Ma1h9ixUPUWka9EjaYa8nJfiMsdCI4LJLNE6cPveE7RmhZ59v9GW1XB108/k083JUC/OtGvA==}
    engines: {node: '>= 10'}
    cpu: [arm]
    os: [linux]
    requiresBuild: true
    dev: true
    optional: true

  /@tauri-apps/cli-linux-arm64-gnu@1.3.1:
    resolution: {integrity: sha512-Pj3odVO1JAxLjYmoXKxcrpj/tPxcA8UP8N06finhNtBtBaxAjrjjxKjO4968KB0BUH7AASIss9EL4Tr0FGnDuw==}
    engines: {node: '>= 10'}
    cpu: [arm64]
    os: [linux]
    requiresBuild: true
    dev: true
    optional: true

  /@tauri-apps/cli-linux-arm64-musl@1.3.1:
    resolution: {integrity: sha512-tA0JdDLPFaj42UDIVcF2t8V0tSha40rppcmAR/MfQpTCxih6399iMjwihz9kZE1n4b5O4KTq9GliYo50a8zYlQ==}
    engines: {node: '>= 10'}
    cpu: [arm64]
    os: [linux]
    requiresBuild: true
    dev: true
    optional: true

  /@tauri-apps/cli-linux-x64-gnu@1.3.1:
    resolution: {integrity: sha512-FDU+Mnvk6NLkqQimcNojdKpMN4Y3W51+SQl+NqG9AFCWprCcSg62yRb84751ujZuf2MGT8HQOfmd0i77F4Q3tQ==}
    engines: {node: '>= 10'}
    cpu: [x64]
    os: [linux]
    requiresBuild: true
    dev: true
    optional: true

  /@tauri-apps/cli-linux-x64-musl@1.3.1:
    resolution: {integrity: sha512-MpO3akXFmK8lZYEbyQRDfhdxz1JkTBhonVuz5rRqxwA7gnGWHa1aF1+/2zsy7ahjB2tQ9x8DDFDMdVE20o9HrA==}
    engines: {node: '>= 10'}
    cpu: [x64]
    os: [linux]
    requiresBuild: true
    dev: true
    optional: true

  /@tauri-apps/cli-win32-ia32-msvc@1.3.1:
    resolution: {integrity: sha512-9Boeo3K5sOrSBAZBuYyGkpV2RfnGQz3ZhGJt4hE6P+HxRd62lS6+qDKAiw1GmkZ0l1drc2INWrNeT50gwOKwIQ==}
    engines: {node: '>= 10'}
    cpu: [ia32]
    os: [win32]
    requiresBuild: true
    dev: true
    optional: true

  /@tauri-apps/cli-win32-x64-msvc@1.3.1:
    resolution: {integrity: sha512-wMrTo91hUu5CdpbElrOmcZEoJR4aooTG+fbtcc87SMyPGQy1Ux62b+ZdwLvL1sVTxnIm//7v6QLRIWGiUjCPwA==}
    engines: {node: '>= 10'}
    cpu: [x64]
    os: [win32]
    requiresBuild: true
    dev: true
    optional: true

  /@tauri-apps/cli@1.3.1:
    resolution: {integrity: sha512-o4I0JujdITsVRm3/0spfJX7FcKYrYV1DXJqzlWIn6IY25/RltjU6qbC1TPgVww3RsRX63jyVUTcWpj5wwFl+EQ==}
    engines: {node: '>= 10'}
    hasBin: true
    optionalDependencies:
      '@tauri-apps/cli-darwin-arm64': 1.3.1
      '@tauri-apps/cli-darwin-x64': 1.3.1
      '@tauri-apps/cli-linux-arm-gnueabihf': 1.3.1
      '@tauri-apps/cli-linux-arm64-gnu': 1.3.1
      '@tauri-apps/cli-linux-arm64-musl': 1.3.1
      '@tauri-apps/cli-linux-x64-gnu': 1.3.1
      '@tauri-apps/cli-linux-x64-musl': 1.3.1
      '@tauri-apps/cli-win32-ia32-msvc': 1.3.1
      '@tauri-apps/cli-win32-x64-msvc': 1.3.1
    dev: true

  /@types/css-font-loading-module@0.0.7:
    resolution: {integrity: sha512-nl09VhutdjINdWyXxHWN/w9zlNCfr60JUqJbd24YXUuCwgeL0TpFSdElCwb6cxfB6ybE19Gjj4g0jsgkXxKv1Q==}
    dev: false

  /@types/earcut@2.1.1:
    resolution: {integrity: sha512-w8oigUCDjElRHRRrMvn/spybSMyX8MTkKA5Dv+tS1IE/TgmNZPqUYtvYBXGY8cieSE66gm+szeK+bnbxC2xHTQ==}
    dev: false

  /@types/offscreencanvas@2019.7.0:
    resolution: {integrity: sha512-PGcyveRIpL1XIqK8eBsmRBt76eFgtzuPiSTyKHZxnGemp2yzGzWpjYKAfK3wIMiU7eH+851yEpiuP8JZerTmWg==}
    dev: false

  /colord@2.9.3:
    resolution: {integrity: sha512-jeC1axXpnb0/2nn/Y1LPuLdgXBLH7aDcHu4KEKfqw3CUhX7ZpfBSlPKyqXE6btIgEzfWtrX3/tyBCaCvXvMkOw==}
    dev: false

  /earcut@2.2.4:
    resolution: {integrity: sha512-/pjZsA1b4RPHbeWZQn66SWS8nZZWLQQ23oE3Eam7aroEFGEvwKAsJfZ9ytiEMycfzXWpca4FA9QIOehf7PocBQ==}
    dev: false

  /esbuild@0.17.19:
    resolution: {integrity: sha512-XQ0jAPFkK/u3LcVRcvVHQcTIqD6E2H1fvZMA5dQPSOWb3suUbWbfbRf94pjc0bNzRYLfIrDRQXr7X+LHIm5oHw==}
    engines: {node: '>=12'}
    hasBin: true
    requiresBuild: true
    optionalDependencies:
      '@esbuild/android-arm': 0.17.19
      '@esbuild/android-arm64': 0.17.19
      '@esbuild/android-x64': 0.17.19
      '@esbuild/darwin-arm64': 0.17.19
      '@esbuild/darwin-x64': 0.17.19
      '@esbuild/freebsd-arm64': 0.17.19
      '@esbuild/freebsd-x64': 0.17.19
      '@esbuild/linux-arm': 0.17.19
      '@esbuild/linux-arm64': 0.17.19
      '@esbuild/linux-ia32': 0.17.19
      '@esbuild/linux-loong64': 0.17.19
      '@esbuild/linux-mips64el': 0.17.19
      '@esbuild/linux-ppc64': 0.17.19
      '@esbuild/linux-riscv64': 0.17.19
      '@esbuild/linux-s390x': 0.17.19
      '@esbuild/linux-x64': 0.17.19
      '@esbuild/netbsd-x64': 0.17.19
      '@esbuild/openbsd-x64': 0.17.19
      '@esbuild/sunos-x64': 0.17.19
      '@esbuild/win32-arm64': 0.17.19
      '@esbuild/win32-ia32': 0.17.19
      '@esbuild/win32-x64': 0.17.19
    dev: true

  /eventemitter3@4.0.7:
    resolution: {integrity: sha512-8guHBZCwKnFhYdHr2ysuRWErTwhoN2X8XELRlrRwpmfeY2jjuUN4taQMsULKUVo1K4DvZl+0pgfyoysHxvmvEw==}
    dev: false

  /fsevents@2.3.2:
    resolution: {integrity: sha512-xiqMQR4xAeHTuB9uWm+fFRcIOgKBMiOBP+eXiyT7jsgVCq1bkVygt00oASowB7EdtpOHaaPgKt812P9ab+DDKA==}
    engines: {node: ^8.16.0 || ^10.6.0 || >=11.0.0}
    os: [darwin]
    requiresBuild: true
    dev: true
    optional: true

  /ismobilejs@1.1.1:
    resolution: {integrity: sha512-VaFW53yt8QO61k2WJui0dHf4SlL8lxBofUuUmwBo0ljPk0Drz2TiuDW4jo3wDcv41qy/SxrJ+VAzJ/qYqsmzRw==}
    dev: false

  /nanoid@3.3.6:
    resolution: {integrity: sha512-BGcqMMJuToF7i1rt+2PWSNVnWIkGCU78jBG3RxO/bZlnZPK2Cmi2QaffxGO/2RvWi9sL+FAiRiXMgsyxQ1DIDA==}
    engines: {node: ^10 || ^12 || ^13.7 || ^14 || >=15.0.1}
    hasBin: true
    dev: true

  /picocolors@1.0.0:
    resolution: {integrity: sha512-1fygroTLlHu66zi26VoTDv8yRgm0Fccecssto+MhsZ0D/DGW2sm8E8AjW7NU5VVTRt5GxbeZ5qBuJr+HyLYkjQ==}
    dev: true

  /pixi.js@7.2.4(@pixi/utils@7.2.4):
    resolution: {integrity: sha512-nBH60meoLnHxoMFz17HoMxXS4uJpG5jwIdL+Gx2S11TzWgP3iKF+/WLOTrkSdyuQoQSdIBxVqpnYii0Wiox15A==}
    dependencies:
      '@pixi/accessibility': 7.2.4(@pixi/core@7.2.4)(@pixi/display@7.2.4)(@pixi/events@7.2.4)
      '@pixi/app': 7.2.4(@pixi/core@7.2.4)(@pixi/display@7.2.4)
      '@pixi/assets': 7.2.4(@pixi/core@7.2.4)(@pixi/utils@7.2.4)
      '@pixi/compressed-textures': 7.2.4(@pixi/assets@7.2.4)(@pixi/core@7.2.4)
      '@pixi/core': 7.2.4
      '@pixi/display': 7.2.4(@pixi/core@7.2.4)
      '@pixi/events': 7.2.4(@pixi/core@7.2.4)(@pixi/display@7.2.4)
      '@pixi/extensions': 7.2.4
      '@pixi/extract': 7.2.4(@pixi/core@7.2.4)
      '@pixi/filter-alpha': 7.2.4(@pixi/core@7.2.4)
      '@pixi/filter-blur': 7.2.4(@pixi/core@7.2.4)
      '@pixi/filter-color-matrix': 7.2.4(@pixi/core@7.2.4)
      '@pixi/filter-displacement': 7.2.4(@pixi/core@7.2.4)
      '@pixi/filter-fxaa': 7.2.4(@pixi/core@7.2.4)
      '@pixi/filter-noise': 7.2.4(@pixi/core@7.2.4)
      '@pixi/graphics': 7.2.4(@pixi/core@7.2.4)(@pixi/display@7.2.4)(@pixi/sprite@7.2.4)
      '@pixi/mesh': 7.2.4(@pixi/core@7.2.4)(@pixi/display@7.2.4)
      '@pixi/mesh-extras': 7.2.4(@pixi/core@7.2.4)(@pixi/mesh@7.2.4)
      '@pixi/mixin-cache-as-bitmap': 7.2.4(@pixi/core@7.2.4)(@pixi/display@7.2.4)(@pixi/sprite@7.2.4)
      '@pixi/mixin-get-child-by-name': 7.2.4(@pixi/display@7.2.4)
      '@pixi/mixin-get-global-position': 7.2.4(@pixi/core@7.2.4)(@pixi/display@7.2.4)
      '@pixi/particle-container': 7.2.4(@pixi/core@7.2.4)(@pixi/display@7.2.4)(@pixi/sprite@7.2.4)
      '@pixi/prepare': 7.2.4(@pixi/core@7.2.4)(@pixi/display@7.2.4)(@pixi/graphics@7.2.4)(@pixi/text@7.2.4)
      '@pixi/sprite': 7.2.4(@pixi/core@7.2.4)(@pixi/display@7.2.4)
      '@pixi/sprite-animated': 7.2.4(@pixi/core@7.2.4)(@pixi/sprite@7.2.4)
      '@pixi/sprite-tiling': 7.2.4(@pixi/core@7.2.4)(@pixi/display@7.2.4)(@pixi/sprite@7.2.4)
      '@pixi/spritesheet': 7.2.4(@pixi/assets@7.2.4)(@pixi/core@7.2.4)
      '@pixi/text': 7.2.4(@pixi/core@7.2.4)(@pixi/sprite@7.2.4)
      '@pixi/text-bitmap': 7.2.4(@pixi/assets@7.2.4)(@pixi/core@7.2.4)(@pixi/display@7.2.4)(@pixi/mesh@7.2.4)(@pixi/text@7.2.4)
      '@pixi/text-html': 7.2.4(@pixi/core@7.2.4)(@pixi/display@7.2.4)(@pixi/sprite@7.2.4)(@pixi/text@7.2.4)
    transitivePeerDependencies:
      - '@pixi/utils'
    dev: false

  /postcss@8.4.24:
    resolution: {integrity: sha512-M0RzbcI0sO/XJNucsGjvWU9ERWxb/ytp1w6dKtxTKgixdtQDq4rmx/g8W1hnaheq9jgwL/oyEdH5Bc4WwJKMqg==}
    engines: {node: ^10 || ^12 || >=14}
    dependencies:
      nanoid: 3.3.6
      picocolors: 1.0.0
      source-map-js: 1.0.2
    dev: true

  /punycode@1.3.2:
    resolution: {integrity: sha512-RofWgt/7fL5wP1Y7fxE7/EmTLzQVnB0ycyibJ0OOHIlJqTNzglYFxVwETOcIoJqJmpDXJ9xImDv+Fq34F/d4Dw==}
    dev: false

  /querystring@0.2.0:
    resolution: {integrity: sha512-X/xY82scca2tau62i9mDyU9K+I+djTMUsvwf7xnUX5GLvVzgJybOJf4Y6o9Zx3oJK/LSXg5tTZBjwzqVPaPO2g==}
    engines: {node: '>=0.4.x'}
    deprecated: The querystring API is considered Legacy. new code should use the URLSearchParams API instead.
    dev: false

  /rollup@3.24.0:
    resolution: {integrity: sha512-OgraHOIg2YpHQTjl0/ymWfFNBEyPucB7lmhXrQUh38qNOegxLapSPFs9sNr0qKR75awW41D93XafoR2QfhBdUQ==}
    engines: {node: '>=14.18.0', npm: '>=8.0.0'}
    hasBin: true
    optionalDependencies:
      fsevents: 2.3.2
    dev: true

  /source-map-js@1.0.2:
    resolution: {integrity: sha512-R0XvVJ9WusLiqTCEiGCmICCMplcCkIwwR11mOSD9CR5u+IXYdiseeEuXCVAjS54zqwkLcPNnmU4OeJ6tUrWhDw==}
    engines: {node: '>=0.10.0'}
    dev: true

  /typescript@4.9.5:
    resolution: {integrity: sha512-1FXk9E2Hm+QzZQ7z+McJiHL4NW1F2EzMu9Nq9i3zAaGqibafqYwCVU6WyWAuyQRRzOlxou8xZSyXLEN8oKj24g==}
    engines: {node: '>=4.2.0'}
    hasBin: true
    dev: true

  /url@0.11.0:
    resolution: {integrity: sha512-kbailJa29QrtXnxgq+DdCEGlbTeYM2eJUxsz6vjZavrCYPMIFHMKQmSKYAIuUK2i7hgPm28a8piX5NTUtM/LKQ==}
    dependencies:
      punycode: 1.3.2
      querystring: 0.2.0
    dev: false

  /vite@4.3.9:
    resolution: {integrity: sha512-qsTNZjO9NoJNW7KnOrgYwczm0WctJ8m/yqYAMAK9Lxt4SoySUfS5S8ia9K7JHpa3KEeMfyF8LoJ3c5NeBJy6pg==}
    engines: {node: ^14.18.0 || >=16.0.0}
    hasBin: true
    peerDependencies:
      '@types/node': '>= 14'
      less: '*'
      sass: '*'
      stylus: '*'
      sugarss: '*'
      terser: ^5.4.0
    peerDependenciesMeta:
      '@types/node':
        optional: true
      less:
        optional: true
      sass:
        optional: true
      stylus:
        optional: true
      sugarss:
        optional: true
      terser:
        optional: true
    dependencies:
      esbuild: 0.17.19
      postcss: 8.4.24
      rollup: 3.24.0
    optionalDependencies:
      fsevents: 2.3.2
    dev: true
